{"format_version":"0.1","terraform_version":"0.12.29","variables":{"advanced_options":{"value":{"rest.action.multi.allow_explicit_index":"true"}},"availability_zone_count":{"value":2},"aws_ec2_service_name":{"value":["ec2.amazonaws.com"]},"aws_region":{"value":"us-east-1"},"business_domain":{"value":""},"create_iam_service_linked_role":{"value":true},"dedicated_master_count":{"value":0},"dedicated_master_enabled":{"value":true},"dedicated_master_type":{"value":"t2.small.elasticsearch"},"domain_name":{"value":""},"dynamo_enable_replica":{"value":true},"dynamo_replica_region":{"value":""},"ebs_volume_size":{"value":0},"enabled":{"value":true},"encrypt_at_rest_enabled":{"value":true},"encrypt_at_rest_kms_key_id":{"value":""},"env":{"value":""},"instance_count":{"value":4},"instance_type":{"value":"t2.small.elasticsearch"},"namespace":{"value":""},"node_to_node_encryption_enabled":{"value":true},"source_ips_all_access":{"value":[]},"source_ips_api_access":{"value":[]},"table_def":{"value":{}},"tags":{"value":{}},"vpc_enabled":{"value":false}},"planned_values":{"outputs":{"es_arn":{"sensitive":false},"es_domain_endpoint":{"sensitive":false},"es_domain_id":{"sensitive":false},"es_domain_name":{"sensitive":false,"value":"es----"},"kibana_endpoint":{"sensitive":false},"table-arns":{"sensitive":false},"table-info-list":{"sensitive":false},"table-names":{"sensitive":false}},"root_module":{"child_modules":[{"resources":[{"address":"module.dynamodb_table.aws_dynamodb_table.all[\"RajaUserTable\"]","mode":"managed","type":"aws_dynamodb_table","name":"all","index":"RajaUserTable","provider_name":"aws","schema_version":1,"values":{"attribute":[{"name":"GameTitle","type":"S"},{"name":"TopScore","type":"N"},{"name":"UserId","type":"S"}],"billing_mode":"PAY_PER_REQUEST","global_secondary_index":[{"hash_key":"GameTitle","name":"GameTitleIndex","non_key_attributes":["UserId"],"projection_type":"INCLUDE","range_key":"TopScore","read_capacity":10,"write_capacity":10}],"hash_key":"UserId","local_secondary_index":[{"name":"GameTitleLSI","non_key_attributes":[],"projection_type":"INCLUDE","range_key":"TopScore"}],"name":"--RajaUserTable","point_in_time_recovery":[{"enabled":true}],"range_key":"","read_capacity":null,"replica":[{"region_name":""}],"server_side_encryption":[{"enabled":true}],"stream_enabled":true,"stream_view_type":"NEW_AND_OLD_IMAGES","tags":{"ApplicationId":"APM0003120","ApplicationName":"DD365","BU":"DealerSystems","CoreID":"2","CostCenter":"2020022:222222","CreatedBy":"S-RTID-BOT-P","DeptID":"955066","Env":"stage","Owner":"rti","ProjectID":"NIS01034","ProjectName":"DealerDaily365","TerraformScriptVersion":"NA","Vertical":"dfa","extra":"cookie"},"timeouts":null,"ttl":[{"attribute_name":"TimeToExist","enabled":true}],"write_capacity":null}},{"address":"module.dynamodb_table.aws_dynamodb_table.all[\"SelvaUserTable\"]","mode":"managed","type":"aws_dynamodb_table","name":"all","index":"SelvaUserTable","provider_name":"aws","schema_version":1,"values":{"attribute":[{"name":"GameTitle","type":"S"},{"name":"UserId","type":"S"}],"billing_mode":"PAY_PER_REQUEST","global_secondary_index":[],"hash_key":"UserId","local_secondary_index":[],"name":"--SelvaUserTable","point_in_time_recovery":[{"enabled":true}],"range_key":"GameTitle","read_capacity":null,"replica":[{"region_name":""}],"server_side_encryption":[{"enabled":true}],"stream_enabled":true,"stream_view_type":"NEW_AND_OLD_IMAGES","tags":{"ApplicationId":"APM0003120","ApplicationName":"DD365","BU":"DealerSystems","CoreID":"2","CostCenter":"2020022:222222","CreatedBy":"S-RTID-BOT-P","DeptID":"955066","Env":"stage","Owner":"rti","ProjectID":"NIS01034","ProjectName":"DealerDaily365","TerraformScriptVersion":"NA","Vertical":"dfa","extra":"cookie"},"timeouts":null,"ttl":[{"attribute_name":"","enabled":false}],"write_capacity":null}}],"address":"module.dynamodb_table"},{"resources":[{"address":"module.elasticsearch.aws_elasticsearch_domain.default[0]","mode":"managed","type":"aws_elasticsearch_domain","name":"default","index":0,"provider_name":"aws","schema_version":0,"values":{"access_policies":"{\n  \"Version\": \"2012-10-17\",\n  \"Statement\": [\n    {\n      \"Sid\": \"\",\n      \"Effect\": \"Allow\",\n      \"Action\": \"es:*\",\n      \"Resource\": \"arn:aws:es:us-east-1:030361293591:domain/es----/*\",\n      \"Principal\": {\n        \"AWS\": \"arn:aws:iam::030361293591:root\"\n      }\n    },\n    {\n      \"Sid\": \"\",\n      \"Effect\": \"Allow\",\n      \"Action\": \"es:*\",\n      \"Resource\": \"arn:aws:es:us-east-1:030361293591:domain/es----/*\",\n      \"Principal\": {\n        \"AWS\": \"*\"\n      },\n      \"Condition\": {\n        \"IpAddress\": {\n          \"aws:SourceIp\": []\n        }\n      }\n    },\n    {\n      \"Sid\": \"\",\n      \"Effect\": \"Allow\",\n      \"Action\": [\n        \"es:ESHttpPost\",\n        \"es:ESHttpGet\"\n      ],\n      \"Resource\": \"arn:aws:es:us-east-1:030361293591:domain/es----/*\",\n      \"Principal\": {\n        \"AWS\": \"*\"\n      },\n      \"Condition\": {\n        \"IpAddress\": {\n          \"aws:SourceIp\": []\n        }\n      }\n    },\n    {\n      \"Sid\": \"\",\n      \"Effect\": \"Allow\",\n      \"Action\": \"es:*\",\n      \"Resource\": \"arn:aws:es:us-east-1:030361293591:domain/es----/*\",\n      \"Principal\": {\n        \"AWS\": \"arn:aws:iam::030361293591:root\"\n      }\n    }\n  ]\n}","advanced_options":{"rest.action.multi.allow_explicit_index":"true"},"cluster_config":[{"dedicated_master_count":0,"dedicated_master_enabled":true,"dedicated_master_type":"t2.small.elasticsearch","instance_count":4,"instance_type":"t2.small.elasticsearch","warm_count":null,"warm_enabled":null,"warm_type":null,"zone_awareness_config":[{"availability_zone_count":2}],"zone_awareness_enabled":true}],"cognito_options":[],"domain_endpoint_options":[{"enforce_https":false,"tls_security_policy":"Policy-Min-TLS-1-0-2019-07"}],"domain_name":"es----","ebs_options":[{"ebs_enabled":false,"iops":0,"volume_size":0,"volume_type":"gp2"}],"elasticsearch_version":"6.8","encrypt_at_rest":[{"enabled":true,"kms_key_id":""}],"log_publishing_options":[{"cloudwatch_log_group_arn":"","enabled":false,"log_type":"ES_APPLICATION_LOGS"},{"cloudwatch_log_group_arn":"","enabled":false,"log_type":"INDEX_SLOW_LOGS"},{"cloudwatch_log_group_arn":"","enabled":false,"log_type":"SEARCH_SLOW_LOGS"}],"node_to_node_encryption":[{"enabled":true}],"snapshot_options":[{"automated_snapshot_start_hour":0}],"tags":{"ApplicationId":"APM0003120","ApplicationName":"DD365","BU":"DealerSystems","CoreID":"2","CostCenter":"2020022:222222","CreatedBy":"S-RTID-BOT-P","DeptID":"955066","Env":"stage","Owner":"rti","ProjectID":"NIS01034","ProjectName":"DealerDaily365","Resource":"ES","TerraformScriptVersion":"NA","Vertical":"dfa"},"timeouts":null,"vpc_options":[]}},{"address":"module.elasticsearch.aws_iam_service_linked_role.default[0]","mode":"managed","type":"aws_iam_service_linked_role","name":"default","index":0,"provider_name":"aws","schema_version":0,"values":{"aws_service_name":"es.amazonaws.com","custom_suffix":null,"description":"AWSServiceRoleForAmazonElasticsearchService Service-Linked Role"}},{"address":"module.elasticsearch.null_resource.azs[0]","mode":"managed","type":"null_resource","name":"azs","index":0,"provider_name":"null","schema_version":0,"values":{"triggers":{"availability_zone_count":"2"}}}],"address":"module.elasticsearch"},{"resources":[{"address":"module.es_output_write2param_store.aws_ssm_parameter.default[0]","mode":"managed","type":"aws_ssm_parameter","name":"default","index":0,"provider_name":"aws","schema_version":0,"values":{"name":"/dev/esurl","tags":{"ApplicationId":"APM0003120","ApplicationName":"DD365","BU":"DealerSystems","CoreID":"2","CostCenter":"2020022:222222","CreatedBy":"Terraform","DeptID":"955066","Env":"stage","Owner":"rti","ProjectID":"NIS01034","ProjectName":"DealerDaily365","Resource":"Param","TerraformScriptVersion":"NA","Vertical":"dfa"}}}],"address":"module.es_output_write2param_store"}]}},"resource_changes":[{"address":"module.dynamodb_table.aws_dynamodb_table.all[\"RajaUserTable\"]","module_address":"module.dynamodb_table","mode":"managed","type":"aws_dynamodb_table","name":"all","index":"RajaUserTable","provider_name":"aws","change":{"actions":["create"],"before":null,"after":{"attribute":[{"name":"GameTitle","type":"S"},{"name":"TopScore","type":"N"},{"name":"UserId","type":"S"}],"billing_mode":"PAY_PER_REQUEST","global_secondary_index":[{"hash_key":"GameTitle","name":"GameTitleIndex","non_key_attributes":["UserId"],"projection_type":"INCLUDE","range_key":"TopScore","read_capacity":10,"write_capacity":10}],"hash_key":"UserId","local_secondary_index":[{"name":"GameTitleLSI","non_key_attributes":[],"projection_type":"INCLUDE","range_key":"TopScore"}],"name":"--RajaUserTable","point_in_time_recovery":[{"enabled":true}],"range_key":"","read_capacity":null,"replica":[{"region_name":""}],"server_side_encryption":[{"enabled":true}],"stream_enabled":true,"stream_view_type":"NEW_AND_OLD_IMAGES","tags":{"ApplicationId":"APM0003120","ApplicationName":"DD365","BU":"DealerSystems","CoreID":"2","CostCenter":"2020022:222222","CreatedBy":"S-RTID-BOT-P","DeptID":"955066","Env":"stage","Owner":"rti","ProjectID":"NIS01034","ProjectName":"DealerDaily365","TerraformScriptVersion":"NA","Vertical":"dfa","extra":"cookie"},"timeouts":null,"ttl":[{"attribute_name":"TimeToExist","enabled":true}],"write_capacity":null},"after_unknown":{"arn":true,"attribute":[{},{},{}],"global_secondary_index":[{"non_key_attributes":[false]}],"id":true,"local_secondary_index":[{"non_key_attributes":[]}],"point_in_time_recovery":[{}],"replica":[{}],"server_side_encryption":[{"kms_key_arn":true}],"stream_arn":true,"stream_label":true,"tags":{},"ttl":[{}]}}},{"address":"module.dynamodb_table.aws_dynamodb_table.all[\"SelvaUserTable\"]","module_address":"module.dynamodb_table","mode":"managed","type":"aws_dynamodb_table","name":"all","index":"SelvaUserTable","provider_name":"aws","change":{"actions":["create"],"before":null,"after":{"attribute":[{"name":"GameTitle","type":"S"},{"name":"UserId","type":"S"}],"billing_mode":"PAY_PER_REQUEST","global_secondary_index":[],"hash_key":"UserId","local_secondary_index":[],"name":"--SelvaUserTable","point_in_time_recovery":[{"enabled":true}],"range_key":"GameTitle","read_capacity":null,"replica":[{"region_name":""}],"server_side_encryption":[{"enabled":true}],"stream_enabled":true,"stream_view_type":"NEW_AND_OLD_IMAGES","tags":{"ApplicationId":"APM0003120","ApplicationName":"DD365","BU":"DealerSystems","CoreID":"2","CostCenter":"2020022:222222","CreatedBy":"S-RTID-BOT-P","DeptID":"955066","Env":"stage","Owner":"rti","ProjectID":"NIS01034","ProjectName":"DealerDaily365","TerraformScriptVersion":"NA","Vertical":"dfa","extra":"cookie"},"timeouts":null,"ttl":[{"attribute_name":"","enabled":false}],"write_capacity":null},"after_unknown":{"arn":true,"attribute":[{},{}],"global_secondary_index":[],"id":true,"local_secondary_index":[],"point_in_time_recovery":[{}],"replica":[{}],"server_side_encryption":[{"kms_key_arn":true}],"stream_arn":true,"stream_label":true,"tags":{},"ttl":[{}]}}},{"address":"module.elasticsearch.aws_elasticsearch_domain.default[0]","module_address":"module.elasticsearch","mode":"managed","type":"aws_elasticsearch_domain","name":"default","index":0,"provider_name":"aws","change":{"actions":["create"],"before":null,"after":{"access_policies":"{\n  \"Version\": \"2012-10-17\",\n  \"Statement\": [\n    {\n      \"Sid\": \"\",\n      \"Effect\": \"Allow\",\n      \"Action\": \"es:*\",\n      \"Resource\": \"arn:aws:es:us-east-1:030361293591:domain/es----/*\",\n      \"Principal\": {\n        \"AWS\": \"arn:aws:iam::030361293591:root\"\n      }\n    },\n    {\n      \"Sid\": \"\",\n      \"Effect\": \"Allow\",\n      \"Action\": \"es:*\",\n      \"Resource\": \"arn:aws:es:us-east-1:030361293591:domain/es----/*\",\n      \"Principal\": {\n        \"AWS\": \"*\"\n      },\n      \"Condition\": {\n        \"IpAddress\": {\n          \"aws:SourceIp\": []\n        }\n      }\n    },\n    {\n      \"Sid\": \"\",\n      \"Effect\": \"Allow\",\n      \"Action\": [\n        \"es:ESHttpPost\",\n        \"es:ESHttpGet\"\n      ],\n      \"Resource\": \"arn:aws:es:us-east-1:030361293591:domain/es----/*\",\n      \"Principal\": {\n        \"AWS\": \"*\"\n      },\n      \"Condition\": {\n        \"IpAddress\": {\n          \"aws:SourceIp\": []\n        }\n      }\n    },\n    {\n      \"Sid\": \"\",\n      \"Effect\": \"Allow\",\n      \"Action\": \"es:*\",\n      \"Resource\": \"arn:aws:es:us-east-1:030361293591:domain/es----/*\",\n      \"Principal\": {\n        \"AWS\": \"arn:aws:iam::030361293591:root\"\n      }\n    }\n  ]\n}","advanced_options":{"rest.action.multi.allow_explicit_index":"true"},"cluster_config":[{"dedicated_master_count":0,"dedicated_master_enabled":true,"dedicated_master_type":"t2.small.elasticsearch","instance_count":4,"instance_type":"t2.small.elasticsearch","warm_count":null,"warm_enabled":null,"warm_type":null,"zone_awareness_config":[{"availability_zone_count":2}],"zone_awareness_enabled":true}],"cognito_options":[],"domain_endpoint_options":[{"enforce_https":false,"tls_security_policy":"Policy-Min-TLS-1-0-2019-07"}],"domain_name":"es----","ebs_options":[{"ebs_enabled":false,"iops":0,"volume_size":0,"volume_type":"gp2"}],"elasticsearch_version":"6.8","encrypt_at_rest":[{"enabled":true,"kms_key_id":""}],"log_publishing_options":[{"cloudwatch_log_group_arn":"","enabled":false,"log_type":"ES_APPLICATION_LOGS"},{"cloudwatch_log_group_arn":"","enabled":false,"log_type":"INDEX_SLOW_LOGS"},{"cloudwatch_log_group_arn":"","enabled":false,"log_type":"SEARCH_SLOW_LOGS"}],"node_to_node_encryption":[{"enabled":true}],"snapshot_options":[{"automated_snapshot_start_hour":0}],"tags":{"ApplicationId":"APM0003120","ApplicationName":"DD365","BU":"DealerSystems","CoreID":"2","CostCenter":"2020022:222222","CreatedBy":"S-RTID-BOT-P","DeptID":"955066","Env":"stage","Owner":"rti","ProjectID":"NIS01034","ProjectName":"DealerDaily365","Resource":"ES","TerraformScriptVersion":"NA","Vertical":"dfa"},"timeouts":null,"vpc_options":[]},"after_unknown":{"advanced_options":{},"advanced_security_options":true,"arn":true,"cluster_config":[{"zone_awareness_config":[{}]}],"cognito_options":[],"domain_endpoint_options":[{}],"domain_id":true,"ebs_options":[{}],"encrypt_at_rest":[{}],"endpoint":true,"id":true,"kibana_endpoint":true,"log_publishing_options":[{},{},{}],"node_to_node_encryption":[{}],"snapshot_options":[{}],"tags":{},"vpc_options":[]}}},{"address":"module.elasticsearch.aws_iam_service_linked_role.default[0]","module_address":"module.elasticsearch","mode":"managed","type":"aws_iam_service_linked_role","name":"default","index":0,"provider_name":"aws","change":{"actions":["create"],"before":null,"after":{"aws_service_name":"es.amazonaws.com","custom_suffix":null,"description":"AWSServiceRoleForAmazonElasticsearchService Service-Linked Role"},"after_unknown":{"arn":true,"create_date":true,"id":true,"name":true,"path":true,"unique_id":true}}},{"address":"module.elasticsearch.null_resource.azs[0]","module_address":"module.elasticsearch","mode":"managed","type":"null_resource","name":"azs","index":0,"provider_name":"null","change":{"actions":["create"],"before":null,"after":{"triggers":{"availability_zone_count":"2"}},"after_unknown":{"id":true,"triggers":{}}}},{"address":"module.es_output_write2param_store.aws_ssm_parameter.default[0]","module_address":"module.es_output_write2param_store","mode":"managed","type":"aws_ssm_parameter","name":"default","index":0,"provider_name":"aws","change":{"actions":["create"],"before":null,"after":{"name":"/dev/esurl","tags":{"ApplicationId":"APM0003120","ApplicationName":"DD365","BU":"DealerSystems","CoreID":"2","CostCenter":"2020022:222222","CreatedBy":"Terraform","DeptID":"955066","Env":"stage","Owner":"rti","ProjectID":"NIS01034","ProjectName":"DealerDaily365","Resource":"Param","TerraformScriptVersion":"NA","Vertical":"dfa"}},"after_unknown":{"allowed_pattern":true,"arn":true,"description":true,"id":true,"key_id":true,"overwrite":true,"tags":{},"tier":true,"type":true,"value":true,"version":true}}}],"output_changes":{"es_arn":{"actions":["create"],"before":null,"after_unknown":true},"es_domain_endpoint":{"actions":["create"],"before":null,"after_unknown":true},"es_domain_id":{"actions":["create"],"before":null,"after_unknown":true},"es_domain_name":{"actions":["create"],"before":null,"after":"es----","after_unknown":false},"kibana_endpoint":{"actions":["create"],"before":null,"after_unknown":true},"table-arns":{"actions":["create"],"before":null,"after_unknown":true},"table-info-list":{"actions":["create"],"before":null,"after_unknown":true},"table-names":{"actions":["create"],"before":null,"after_unknown":true}},"prior_state":{"format_version":"0.1","terraform_version":"0.12.29","values":{"root_module":{"child_modules":[{"resources":[{"address":"data.aws_caller_identity.current","mode":"data","type":"aws_caller_identity","name":"current","provider_name":"aws","schema_version":0,"values":{"account_id":"030361293591","arn":"arn:aws:sts::030361293591:assumed-role/RT-RTID-Admin/rajaraman.padmanabhan@toyota.com","id":"2020-09-03 21:24:12.1209559 +0000 UTC","user_id":"AROAJOTSFK4TUD52UVTYG:rajaraman.padmanabhan@toyota.com"}},{"address":"data.aws_iam_policy_document.access","mode":"data","type":"aws_iam_policy_document","name":"access","provider_name":"aws","schema_version":0,"values":{"id":"2462928341","json":"{\n  \"Version\": \"2012-10-17\",\n  \"Statement\": [\n    {\n      \"Sid\": \"\",\n      \"Effect\": \"Allow\",\n      \"Action\": \"es:*\",\n      \"Resource\": \"arn:aws:es:us-east-1:030361293591:domain/es----/*\",\n      \"Principal\": {\n        \"AWS\": \"arn:aws:iam::030361293591:root\"\n      }\n    },\n    {\n      \"Sid\": \"\",\n      \"Effect\": \"Allow\",\n      \"Action\": \"es:*\",\n      \"Resource\": \"arn:aws:es:us-east-1:030361293591:domain/es----/*\",\n      \"Principal\": {\n        \"AWS\": \"*\"\n      },\n      \"Condition\": {\n        \"IpAddress\": {\n          \"aws:SourceIp\": []\n        }\n      }\n    },\n    {\n      \"Sid\": \"\",\n      \"Effect\": \"Allow\",\n      \"Action\": [\n        \"es:ESHttpPost\",\n        \"es:ESHttpGet\"\n      ],\n      \"Resource\": \"arn:aws:es:us-east-1:030361293591:domain/es----/*\",\n      \"Principal\": {\n        \"AWS\": \"*\"\n      },\n      \"Condition\": {\n        \"IpAddress\": {\n          \"aws:SourceIp\": []\n        }\n      }\n    },\n    {\n      \"Sid\": \"\",\n      \"Effect\": \"Allow\",\n      \"Action\": \"es:*\",\n      \"Resource\": \"arn:aws:es:us-east-1:030361293591:domain/es----/*\",\n      \"Principal\": {\n        \"AWS\": \"arn:aws:iam::030361293591:root\"\n      }\n    }\n  ]\n}","override_json":null,"policy_id":null,"source_json":null,"statement":[{"actions":["es:*"],"condition":[],"effect":"Allow","not_actions":[],"not_principals":[],"not_resources":[],"principals":[{"identifiers":["arn:aws:iam::030361293591:root"],"type":"AWS"}],"resources":["arn:aws:es:us-east-1:030361293591:domain/es----/*"],"sid":""},{"actions":["es:*"],"condition":[{"test":"IpAddress","values":[],"variable":"aws:SourceIp"}],"effect":"Allow","not_actions":[],"not_principals":[],"not_resources":[],"principals":[{"identifiers":["*"],"type":"AWS"}],"resources":["arn:aws:es:us-east-1:030361293591:domain/es----/*"],"sid":""},{"actions":["es:ESHttpGet","es:ESHttpPost"],"condition":[{"test":"IpAddress","values":[],"variable":"aws:SourceIp"}],"effect":"Allow","not_actions":[],"not_principals":[],"not_resources":[],"principals":[{"identifiers":["*"],"type":"AWS"}],"resources":["arn:aws:es:us-east-1:030361293591:domain/es----/*"],"sid":""},{"actions":["es:*"],"condition":[],"effect":"Allow","not_actions":[],"not_principals":[],"not_resources":[],"principals":[{"identifiers":["arn:aws:iam::030361293591:root"],"type":"AWS"}],"resources":["arn:aws:es:us-east-1:030361293591:domain/es----/*"],"sid":""}],"version":"2012-10-17"}},{"address":"data.aws_region.current","mode":"data","type":"aws_region","name":"current","provider_name":"aws","schema_version":0,"values":{"current":null,"description":"US East (N. Virginia)","endpoint":"ec2.us-east-1.amazonaws.com","id":"us-east-1","name":"us-east-1"}}],"address":"module.elasticsearch"}]}}},"configuration":{"provider_config":{"aws":{"name":"aws","version_constraint":"~\u003e 2.32","expressions":{"region":{"references":["var.aws_region"]}}},"dynamodb_table:aws":{"name":"aws","module_address":"dynamodb_table","expressions":{"region":{"references":["var.aws_region"]}}}},"root_module":{"outputs":{"es_arn":{"expression":{"references":["module.elasticsearch.domain_arn"]}},"es_domain_endpoint":{"expression":{"references":["module.elasticsearch.domain_endpoint"]}},"es_domain_id":{"expression":{"references":["module.elasticsearch.domain_id"]}},"es_domain_name":{"expression":{"references":["module.elasticsearch.domain_name"]}},"kibana_endpoint":{"expression":{"references":["module.elasticsearch.kibana_endpoint"]}},"table-arns":{"expression":{"references":["module.dynamodb_table.table-arns"]},"description":"DynamoDB table arn"},"table-info-list":{"expression":{"references":["module.dynamodb_table.table-info-list"]},"description":"DynamoDB table mapping"},"table-names":{"expression":{"references":["module.dynamodb_table.table-names"]},"description":"DynamoDB table name"}},"module_calls":{"dynamodb_table":{"source":"git::https://github.com/cloudfriends/tf-aws-dynamodb?ref=tags/1.0.0","expressions":{"aws_region":{"references":["var.aws_region"]},"table_def":{"references":["var.dynamo_enable_replica"]},"table_prefix":{"references":["local.dynamo_table_prefix"]},"tags":{"references":["local.common_tags"]}},"module":{"outputs":{"table-arns":{"expression":{"references":["aws_dynamodb_table.all"]},"description":"DynamoDB table arn"},"table-info-list":{"expression":{"references":["aws_dynamodb_table.all"]},"description":"DynamoDB table mapping"},"table-names":{"expression":{"references":["aws_dynamodb_table.all"]},"description":"DynamoDB table name"}},"resources":[{"address":"aws_dynamodb_table.all","mode":"managed","type":"aws_dynamodb_table","name":"all","provider_config_key":"dynamodb_table:aws","expressions":{"billing_mode":{"references":["var.billing_mode"]},"hash_key":{"references":["each.value"]},"name":{"references":["var.table_prefix","each.key"]},"point_in_time_recovery":[{"enabled":{"constant_value":true}}],"range_key":{"references":["each.value"]},"replica":[{"region_name":{"references":["each.value","var.dynamo_replica_region"]}}],"server_side_encryption":[{"enabled":{"constant_value":true}}],"stream_enabled":{"constant_value":true},"stream_view_type":{"constant_value":"NEW_AND_OLD_IMAGES"},"tags":{"references":["var.tags"]},"ttl":[{"attribute_name":{"references":["each.value"]},"enabled":{"references":["each.value"]}}]},"schema_version":1,"for_each_expression":{"references":["var.table_def"]}}],"variables":{"aws_region":{"description":"AWS Region"},"billing_mode":{"default":"PAY_PER_REQUEST","description":"DynamoDB Billing mode. Can be PROVISIONED or PAY_PER_REQUEST"},"dynamo_enable_replica":{"default":true,"description":"Enable /Disable DynamoDB Replica Tables"},"dynamo_replica_region":{"default":"","description":"Region for DynamoDB Replica Tables"},"table_def":{"description":"DynamoDB Table Definition"},"table_prefix":{"description":"Table Prefix"},"tags":{"default":{},"description":"Common tags (e.g. `map('BusinessUnit','XYZ')`"}}}},"elasticsearch":{"source":"git::https://github.com/cloudfriends/tf-aws-elasticsearch?ref=tags/1.0.0","expressions":{"availability_zone_count":{"references":["var.availability_zone_count"]},"create_iam_service_linked_role":{"references":["var.create_iam_service_linked_role"]},"dedicated_master_count":{"references":["var.dedicated_master_count"]},"dedicated_master_type":{"references":["var.dedicated_master_type"]},"domain_name":{"references":["local.es_domain_name"]},"ebs_volume_size":{"references":["var.ebs_volume_size"]},"elasticsearch_subdomain_name":{"references":["local.es_domain_name"]},"encrypt_at_rest_enabled":{"references":["var.encrypt_at_rest_enabled"]},"instance_count":{"references":["var.instance_count"]},"instance_type":{"references":["var.instance_type"]},"kibana_subdomain_name":{"references":["local.kibana_subdomain_name"]},"source_ips_all_access":{"references":["var.source_ips_all_access"]},"source_ips_api_access":{"references":["var.source_ips_api_access"]},"tags":{"references":["local.common_tags"]}},"module":{"outputs":{"domain_arn":{"expression":{"references":["aws_elasticsearch_domain.default"]},"description":"ARN of the Elasticsearch domain"},"domain_endpoint":{"expression":{"references":["aws_elasticsearch_domain.default"]},"description":"Domain-specific endpoint used to submit index, search, and data upload requests"},"domain_hostname":{"expression":{"references":["module.domain_hostname.hostname"]},"description":"Elasticsearch domain hostname to submit index, search, and data upload requests"},"domain_id":{"expression":{"references":["aws_elasticsearch_domain.default"]},"description":"Unique identifier for the Elasticsearch domain"},"domain_name":{"expression":{"references":["aws_elasticsearch_domain.default"]},"description":"Name of the Elasticsearch domain"},"kibana_endpoint":{"expression":{"references":["aws_elasticsearch_domain.default"]},"description":"Domain-specific endpoint for Kibana without https scheme"},"kibana_hostname":{"expression":{"references":["module.kibana_hostname.hostname"]},"description":"Kibana hostname"},"security_group_id":{"expression":{"references":["aws_security_group.default"]},"description":"Security Group ID to control access to the Elasticsearch domain"}},"resources":[{"address":"aws_elasticsearch_domain.default","mode":"managed","type":"aws_elasticsearch_domain","name":"default","provider_config_key":"elasticsearch:aws","expressions":{"access_policies":{"references":["data.aws_iam_policy_document.access"]},"advanced_options":{"references":["var.advanced_options"]},"cluster_config":[{"dedicated_master_count":{"references":["var.dedicated_master_count"]},"dedicated_master_enabled":{"references":["var.dedicated_master_enabled"]},"dedicated_master_type":{"references":["var.dedicated_master_type"]},"instance_count":{"references":["var.instance_count"]},"instance_type":{"references":["var.instance_type"]},"zone_awareness_enabled":{"constant_value":true}}],"domain_endpoint_options":[{"enforce_https":{"references":["var.domain_endpoint_options_enforce_https"]},"tls_security_policy":{"references":["var.domain_endpoint_options_tls_security_policy"]}}],"domain_name":{"references":["var.domain_name"]},"ebs_options":[{"ebs_enabled":{"references":["var.ebs_volume_size"]},"iops":{"references":["var.ebs_iops"]},"volume_size":{"references":["var.ebs_volume_size"]},"volume_type":{"references":["var.ebs_volume_type"]}}],"elasticsearch_version":{"references":["var.elasticsearch_version"]},"encrypt_at_rest":[{"enabled":{"references":["var.encrypt_at_rest_enabled"]},"kms_key_id":{"references":["var.encrypt_at_rest_kms_key_id"]}}],"log_publishing_options":[{"cloudwatch_log_group_arn":{"references":["var.log_publishing_index_cloudwatch_log_group_arn"]},"enabled":{"references":["var.log_publishing_index_enabled"]},"log_type":{"constant_value":"INDEX_SLOW_LOGS"}},{"cloudwatch_log_group_arn":{"references":["var.log_publishing_search_cloudwatch_log_group_arn"]},"enabled":{"references":["var.log_publishing_search_enabled"]},"log_type":{"constant_value":"SEARCH_SLOW_LOGS"}},{"cloudwatch_log_group_arn":{"references":["var.log_publishing_application_cloudwatch_log_group_arn"]},"enabled":{"references":["var.log_publishing_application_enabled"]},"log_type":{"constant_value":"ES_APPLICATION_LOGS"}}],"node_to_node_encryption":[{"enabled":{"constant_value":true}}],"snapshot_options":[{"automated_snapshot_start_hour":{"references":["var.automated_snapshot_start_hour"]}}],"tags":{"references":["var.tags"]}},"schema_version":0,"count_expression":{"references":["var.enabled"]},"depends_on":["aws_iam_service_linked_role.default"]},{"address":"aws_iam_service_linked_role.default","mode":"managed","type":"aws_iam_service_linked_role","name":"default","provider_config_key":"elasticsearch:aws","expressions":{"aws_service_name":{"constant_value":"es.amazonaws.com"},"description":{"constant_value":"AWSServiceRoleForAmazonElasticsearchService Service-Linked Role"}},"schema_version":0,"count_expression":{"references":["var.enabled","var.create_iam_service_linked_role"]}},{"address":"aws_security_group.default","mode":"managed","type":"aws_security_group","name":"default","provider_config_key":"elasticsearch:aws","expressions":{"description":{"constant_value":"Allow inbound traffic from Security Groups and CIDRs. Allow all outbound traffic"},"name":{"references":["var.domain_name"]},"tags":{"references":["var.tags"]},"vpc_id":{"references":["var.vpc_id"]}},"schema_version":1,"count_expression":{"references":["var.enabled","var.vpc_enabled"]}},{"address":"aws_security_group_rule.egress","mode":"managed","type":"aws_security_group_rule","name":"egress","provider_config_key":"elasticsearch:aws","expressions":{"cidr_blocks":{"constant_value":["0.0.0.0/0"]},"description":{"constant_value":"Allow all egress traffic"},"from_port":{"constant_value":0},"protocol":{"constant_value":"tcp"},"security_group_id":{"references":["aws_security_group.default"]},"to_port":{"constant_value":65535},"type":{"constant_value":"egress"}},"schema_version":2,"count_expression":{"references":["var.enabled","var.vpc_enabled"]}},{"address":"aws_security_group_rule.ingress_cidr_blocks","mode":"managed","type":"aws_security_group_rule","name":"ingress_cidr_blocks","provider_config_key":"elasticsearch:aws","expressions":{"cidr_blocks":{"references":["var.allowed_cidr_blocks"]},"description":{"constant_value":"Allow inbound traffic from CIDR blocks"},"from_port":{"references":["var.ingress_port_range_start"]},"protocol":{"constant_value":"tcp"},"security_group_id":{"references":["aws_security_group.default"]},"to_port":{"references":["var.ingress_port_range_end"]},"type":{"constant_value":"ingress"}},"schema_version":2,"count_expression":{"references":["var.enabled","var.vpc_enabled","var.allowed_cidr_blocks"]}},{"address":"aws_security_group_rule.ingress_security_groups","mode":"managed","type":"aws_security_group_rule","name":"ingress_security_groups","provider_config_key":"elasticsearch:aws","expressions":{"description":{"constant_value":"Allow inbound traffic from Security Groups"},"from_port":{"references":["var.ingress_port_range_start"]},"protocol":{"constant_value":"tcp"},"security_group_id":{"references":["aws_security_group.default"]},"source_security_group_id":{"references":["var.security_groups","count.index"]},"to_port":{"references":["var.ingress_port_range_end"]},"type":{"constant_value":"ingress"}},"schema_version":2,"count_expression":{"references":["var.enabled","var.vpc_enabled","var.security_groups"]}},{"address":"null_resource.azs","mode":"managed","type":"null_resource","name":"azs","provider_config_key":"elasticsearch:null","expressions":{"triggers":{"references":["var.availability_zone_count"]}},"schema_version":0,"count_expression":{"references":["var.availability_zone_count"]}},{"address":"data.aws_caller_identity.current","mode":"data","type":"aws_caller_identity","name":"current","provider_config_key":"elasticsearch:aws","schema_version":0},{"address":"data.aws_iam_policy_document.access","mode":"data","type":"aws_iam_policy_document","name":"access","provider_config_key":"elasticsearch:aws","expressions":{"statement":[{"actions":{"constant_value":["es:*"]},"principals":[{"identifiers":{"references":["data.aws_caller_identity.current"]},"type":{"constant_value":"AWS"}}],"resources":{"references":["data.aws_region.current","data.aws_caller_identity.current","var.domain_name"]}},{"actions":{"constant_value":["es:*"]},"condition":[{"test":{"constant_value":"IpAddress"},"values":{"references":["var.source_ips_all_access"]},"variable":{"constant_value":"aws:SourceIp"}}],"principals":[{"identifiers":{"constant_value":["*"]},"type":{"constant_value":"AWS"}}],"resources":{"references":["data.aws_region.current","data.aws_caller_identity.current","var.domain_name"]}},{"actions":{"constant_value":["es:ESHttpGet","es:ESHttpPost"]},"condition":[{"test":{"constant_value":"IpAddress"},"values":{"references":["var.source_ips_api_access"]},"variable":{"constant_value":"aws:SourceIp"}}],"principals":[{"identifiers":{"constant_value":["*"]},"type":{"constant_value":"AWS"}}],"resources":{"references":["data.aws_region.current","data.aws_caller_identity.current","var.domain_name"]}},{"actions":{"constant_value":["es:*"]},"principals":[{"identifiers":{"references":["data.aws_caller_identity.current"]},"type":{"constant_value":"AWS"}}],"resources":{"references":["data.aws_region.current","data.aws_caller_identity.current","var.domain_name"]}}]},"schema_version":0},{"address":"data.aws_region.current","mode":"data","type":"aws_region","name":"current","provider_config_key":"elasticsearch:aws","schema_version":0}],"module_calls":{"domain_hostname":{"source":"git::https://github.com/cloudposse/terraform-aws-route53-cluster-hostname.git?ref=tags/0.3.0","expressions":{"enabled":{"references":["var.enabled","var.dns_zone_id"]},"name":{"references":["var.elasticsearch_subdomain_name"]},"records":{"references":["aws_elasticsearch_domain.default"]},"zone_id":{"references":["var.dns_zone_id"]}},"module":{"outputs":{"hostname":{"expression":{"references":["aws_route53_record.default"]},"description":"DNS hostname"}},"resources":[{"address":"aws_route53_record.default","mode":"managed","type":"aws_route53_record","name":"default","provider_config_key":"domain_hostname:aws","expressions":{"name":{"references":["var.name"]},"records":{"references":["var.records"]},"ttl":{"references":["var.ttl"]},"type":{"references":["var.type"]},"zone_id":{"references":["var.zone_id"]}},"schema_version":2,"count_expression":{"references":["var.enabled"]}}],"variables":{"enabled":{"default":true,"description":"Set to false to prevent the module from creating any resources"},"name":{"description":"The Name of the application or solution  (e.g. `bastion` or `portal`)"},"records":{"description":"DNS records to create"},"ttl":{"default":"300","description":"The TTL of the record to add to the DNS zone to complete certificate validation"},"type":{"default":"CNAME","description":"Type of DNS records to create"},"zone_id":{"description":"Route53 DNS Zone ID"}}}},"kibana_hostname":{"source":"git::https://github.com/cloudposse/terraform-aws-route53-cluster-hostname.git?ref=tags/0.3.0","expressions":{"enabled":{"references":["var.enabled","var.dns_zone_id"]},"name":{"references":["var.kibana_subdomain_name"]},"records":{"references":["aws_elasticsearch_domain.default"]},"ttl":{"constant_value":60},"zone_id":{"references":["var.dns_zone_id"]}},"module":{"outputs":{"hostname":{"expression":{"references":["aws_route53_record.default"]},"description":"DNS hostname"}},"resources":[{"address":"aws_route53_record.default","mode":"managed","type":"aws_route53_record","name":"default","provider_config_key":"kibana_hostname:aws","expressions":{"name":{"references":["var.name"]},"records":{"references":["var.records"]},"ttl":{"references":["var.ttl"]},"type":{"references":["var.type"]},"zone_id":{"references":["var.zone_id"]}},"schema_version":2,"count_expression":{"references":["var.enabled"]}}],"variables":{"enabled":{"default":true,"description":"Set to false to prevent the module from creating any resources"},"name":{"description":"The Name of the application or solution  (e.g. `bastion` or `portal`)"},"records":{"description":"DNS records to create"},"ttl":{"default":"300","description":"The TTL of the record to add to the DNS zone to complete certificate validation"},"type":{"default":"CNAME","description":"Type of DNS records to create"},"zone_id":{"description":"Route53 DNS Zone ID"}}}}},"variables":{"advanced_options":{"default":{"rest.action.multi.allow_explicit_index":"true"},"description":"Key-value string pairs to specify advanced configuration options"},"allowed_cidr_blocks":{"default":[],"description":"List of CIDR blocks to be allowed to connect to the cluster"},"automated_snapshot_start_hour":{"default":0,"description":"Hour at which automated snapshots are taken, in UTC"},"availability_zone_count":{"default":2,"description":"Number of Availability Zones for the domain to use."},"aws_ec2_service_name":{"default":["ec2.amazonaws.com"],"description":"AWS EC2 Service Name"},"aws_region":{"default":"us-east-1","description":"AWS Region"},"cognito_authentication_enabled":{"default":false,"description":"Whether to enable Amazon Cognito authentication with Kibana"},"cognito_iam_role_arn":{"default":"","description":"ARN of the IAM role that has the AmazonESCognitoAccess policy attached"},"cognito_identity_pool_id":{"default":"","description":"The ID of the Cognito Identity Pool to use"},"cognito_user_pool_id":{"default":"","description":"The ID of the Cognito User Pool to use"},"create_iam_service_linked_role":{"default":true,"description":"Whether to create `AWSServiceRoleForAmazonElasticsearchService` service-linked role. Set it to `false` if you already have an ElasticSearch cluster created in the AWS account and AWSServiceRoleForAmazonElasticsearchService already exists. See https://github.com/terraform-providers/terraform-provider-aws/issues/5218 for more info"},"dedicated_master_count":{"default":1,"description":"Number of dedicated master nodes in the cluster"},"dedicated_master_enabled":{"default":true,"description":"Indicates whether dedicated master nodes are enabled for the cluster"},"dedicated_master_type":{"default":"t2.small.elasticsearch","description":"Instance type of the dedicated master nodes in the cluster"},"dns_zone_id":{"default":"","description":"Route53 DNS Zone ID to add hostname records for Elasticsearch domain and Kibana"},"domain_endpoint_options_enforce_https":{"default":false,"description":"Whether or not to require HTTPS"},"domain_endpoint_options_tls_security_policy":{"default":"Policy-Min-TLS-1-0-2019-07","description":"The name of the TLS security policy that needs to be applied to the HTTPS endpoint"},"domain_name":{"default":"","description":"ES Domain Name "},"ebs_iops":{"default":0,"description":"The baseline input/output (I/O) performance of EBS volumes attached to data nodes. Applicable only for the Provisioned IOPS EBS volume type"},"ebs_volume_size":{"default":0,"description":"EBS volumes for data storage in GB"},"ebs_volume_type":{"default":"gp2","description":"Storage type of EBS volumes"},"elasticsearch_subdomain_name":{"default":"","description":"The name of the subdomain for Elasticsearch in the DNS zone (_e.g._ `elasticsearch`, `ui`, `ui-es`, `search-ui`)"},"elasticsearch_version":{"default":"6.8","description":"Version of Elasticsearch to deploy (_e.g._ `7.4`, `7.1`, `6.8`, `6.7`, `6.5`, `6.4`, `6.3`, `6.2`, `6.0`, `5.6`, `5.5`, `5.3`, `5.1`, `2.3`, `1.5`"},"enabled":{"default":true,"description":"Set to false to prevent the module from creating any resources"},"encrypt_at_rest_enabled":{"default":true,"description":"Whether to enable encryption at rest"},"encrypt_at_rest_kms_key_id":{"default":"","description":"The KMS key ID to encrypt the Elasticsearch domain with. If not specified, then it defaults to using the AWS/Elasticsearch service KMS key"},"iam_actions":{"default":[],"description":"List of actions to allow for the IAM roles, _e.g._ `es:ESHttpGet`, `es:ESHttpPut`, `es:ESHttpPost`"},"iam_authorizing_role_arns":{"default":[],"description":"List of IAM role ARNs to permit to assume the Elasticsearch user role"},"iam_role_arns":{"default":[],"description":"List of IAM role ARNs to permit access to the Elasticsearch domain"},"iam_role_max_session_duration":{"default":3600,"description":"The maximum session duration (in seconds) for the user role. Can have a value from 1 hour to 12 hours"},"ingress_port_range_end":{"default":65535,"description":"End number for allowed port range. (e.g. `443`)"},"ingress_port_range_start":{"default":0,"description":"Start number for allowed port range. (e.g. `443`)"},"instance_count":{"default":4,"description":"Number of data nodes in the cluster"},"instance_type":{"default":"t2.small.elasticsearch","description":"Elasticsearch instance type for data nodes in the cluster"},"kibana_subdomain_name":{"default":"kibana","description":"The name of the subdomain for Kibana in the DNS zone (_e.g._ `kibana`, `ui`, `ui-es`, `search-ui`, `kibana.elasticsearch`)"},"log_publishing_application_cloudwatch_log_group_arn":{"default":"","description":"ARN of the CloudWatch log group to which log for ES_APPLICATION_LOGS needs to be published"},"log_publishing_application_enabled":{"default":false,"description":"Specifies whether log publishing option for ES_APPLICATION_LOGS is enabled or not"},"log_publishing_index_cloudwatch_log_group_arn":{"default":"","description":"ARN of the CloudWatch log group to which log for INDEX_SLOW_LOGS needs to be published"},"log_publishing_index_enabled":{"default":false,"description":"Specifies whether log publishing option for INDEX_SLOW_LOGS is enabled or not"},"log_publishing_search_cloudwatch_log_group_arn":{"default":"","description":"ARN of the CloudWatch log group to which log for SEARCH_SLOW_LOGS needs to be published"},"log_publishing_search_enabled":{"default":false,"description":"Specifies whether log publishing option for SEARCH_SLOW_LOGS is enabled or not"},"node_to_node_encryption_enabled":{"default":true,"description":"Whether to enable node-to-node encryption"},"security_groups":{"default":[],"description":"List of security group IDs to be allowed to connect to the cluster"},"source_ips_all_access":{"default":[],"description":"IP's which will have full access"},"source_ips_api_access":{"default":[],"description":"IP's which will have limited access"},"subnet_ids":{"default":[],"description":"VPC Subnet IDs"},"tags":{"default":{},"description":"Additional tags (e.g. `map('BusinessUnit','XYZ')`"},"vpc_enabled":{"default":false,"description":"Set to false if ES should be deployed outside of VPC."},"vpc_id":{"default":null,"description":"VPC ID"},"zone_awareness_enabled":{"default":true,"description":"Enable zone awareness for Elasticsearch cluster"}}}},"es_output_write2param_store":{"source":"git::https://github.com/cloudposse/terraform-aws-ssm-parameter-store?ref=tags/0.4.0","expressions":{"parameter_write":{"references":["module.elasticsearch.domain_endpoint"]},"tags":{"references":["local.common_tags"]}},"module":{"outputs":{"arn_map":{"expression":{"references":["local.name_list","local.arn_list"]},"description":"A map of the names and ARNs created"},"map":{"expression":{"references":["local.name_list","local.value_list"]},"description":"A map of the names and values created"},"names":{"expression":{"references":["local.name_list"]},"description":"A list of all of the parameter names"},"values":{"expression":{"references":["local.value_list"]},"description":"A list of all of the parameter values"}},"resources":[{"address":"aws_ssm_parameter.default","mode":"managed","type":"aws_ssm_parameter","name":"default","provider_config_key":"es_output_write2param_store:aws","expressions":{"allowed_pattern":{"references":["var.parameter_write","count.index"]},"description":{"references":["var.parameter_write","count.index","var.parameter_write","count.index"]},"key_id":{"references":["var.parameter_write","count.index","var.kms_arn","var.kms_arn"]},"name":{"references":["var.parameter_write","count.index"]},"overwrite":{"references":["var.parameter_write","count.index"]},"tags":{"references":["var.tags"]},"tier":{"references":["var.parameter_write","count.index"]},"type":{"references":["var.parameter_write","count.index"]},"value":{"references":["var.parameter_write","count.index"]}},"schema_version":0,"count_expression":{"references":["var.enabled","var.parameter_write"]}},{"address":"data.aws_ssm_parameter.read","mode":"data","type":"aws_ssm_parameter","name":"read","provider_config_key":"es_output_write2param_store:aws","expressions":{"name":{"references":["var.parameter_read","count.index"]}},"schema_version":0,"count_expression":{"references":["var.enabled","var.parameter_read"]}}],"variables":{"enabled":{"default":true,"description":"Set to `false` to prevent the module from creating and accessing any resources"},"kms_arn":{"default":"","description":"The ARN of a KMS key used to encrypt and decrypt SecretString values"},"parameter_read":{"default":[],"description":"List of parameters to read from SSM. These must already exist otherwise an error is returned. Can be used with `parameter_write` as long as the parameters are different."},"parameter_write":{"default":[],"description":"List of maps with the parameter values to write to SSM Parameter Store"},"split_delimiter":{"default":"~^~","description":"A delimiter for splitting and joining lists together for normalising the output"},"tags":{"default":{},"description":"Map containing tags that will be added to the parameters"}}}}},"variables":{"advanced_options":{"default":{"rest.action.multi.allow_explicit_index":"true"},"description":"Key-value string pairs to specify advanced configuration options"},"availability_zone_count":{"default":2,"description":"Number of Availability Zones for the domain to use."},"aws_ec2_service_name":{"default":["ec2.amazonaws.com"],"description":"AWS EC2 Service Name"},"aws_region":{"default":"us-east-1","description":"AWS Region"},"business_domain":{"default":"","description":"Business Domain , e.g. 'inventory', 'parts'"},"create_iam_service_linked_role":{"default":true,"description":"Whether to create `AWSServiceRoleForAmazonElasticsearchService` service-linked role. Set it to `false` if you already have an ElasticSearch cluster created in the AWS account and AWSServiceRoleForAmazonElasticsearchService already exists. See https://github.com/terraform-providers/terraform-provider-aws/issues/5218 for more info"},"dedicated_master_count":{"default":0,"description":"Number of dedicated master nodes in the cluster"},"dedicated_master_enabled":{"default":true,"description":"Indicates whether dedicated master nodes are enabled for the cluster"},"dedicated_master_type":{"default":"t2.small.elasticsearch","description":"Instance type of the dedicated master nodes in the cluster"},"domain_name":{"default":"","description":"ES Domain Name "},"dynamo_enable_replica":{"default":true,"description":"Enable /Disable DynamoDB Replica Tables"},"dynamo_replica_region":{"default":"","description":"Region for DynamoDB Replica Tables"},"ebs_volume_size":{"default":0,"description":"EBS volumes for data storage in GB"},"enabled":{"default":true,"description":"Set to false to prevent the module from creating any resources"},"encrypt_at_rest_enabled":{"default":true,"description":"Whether to enable encryption at rest"},"encrypt_at_rest_kms_key_id":{"default":"","description":"The KMS key ID to encrypt the Elasticsearch domain with. If not specified, then it defaults to using the AWS/Elasticsearch service KMS key"},"env":{"default":"","description":"Environment, e.g. 'prod', 'staging', 'dev', 'pre-prod', 'UAT'"},"instance_count":{"default":4,"description":"Number of data nodes in the cluster"},"instance_type":{"default":"t2.small.elasticsearch","description":"Elasticsearch instance type for data nodes in the cluster"},"namespace":{"default":"","description":"Namespace, which could be your organization name or abbreviation, e.g. 'rti' or 'ddoa'"},"node_to_node_encryption_enabled":{"default":true,"description":"Whether to enable node-to-node encryption"},"source_ips_all_access":{"default":[],"description":"IP's which will have full access"},"source_ips_api_access":{"default":[],"description":"IP's which will have limited access"},"table_def":{"default":{},"description":"DynamoDB Table Definition"},"tags":{"default":{},"description":"Common tags (e.g. `map('BusinessUnit','XYZ')`"},"vpc_enabled":{"default":false,"description":"Set to false if ES should be deployed outside of VPC."}}}}}
